
Microsoft Visual Studio Solution File, Format Version 12.00
# Visual Studio Version 17
VisualStudioVersion = 17.9.34728.123
MinimumVisualStudioVersion = 10.0.40219.1
Project("{FAE04EC0-301F-11D3-BF4B-00C04F79EFBC}") = "BettingApp", "BettingApp\BettingApp.csproj", "{0DC3B768-09C4-48BA-A46F-85FAEF9BC064}"
EndProject
Global
	GlobalSection(SolutionConfigurationPlatforms) = preSolution
		Debug|Any CPU = Debug|Any CPU
		Release|Any CPU = Release|Any CPU
	EndGlobalSection
	GlobalSection(ProjectConfigurationPlatforms) = postSolution
		{0DC3B768-09C4-48BA-A46F-85FAEF9BC064}.Debug|Any CPU.ActiveCfg = Debug|Any CPU
		{0DC3B768-09C4-48BA-A46F-85FAEF9BC064}.Debug|Any CPU.Build.0 = Debug|Any CPU
		{0DC3B768-09C4-48BA-A46F-85FAEF9BC064}.Release|Any CPU.ActiveCfg = Release|Any CPU
		{0DC3B768-09C4-48BA-A46F-85FAEF9BC064}.Release|Any CPU.Build.0 = Release|Any CPU
	EndGlobalSection
	GlobalSection(SolutionProperties) = preSolution
		HideSolutionNode = FALSE
	EndGlobalSection
	GlobalSection(ExtensibilityGlobals) = postSolution
		SolutionGuid = {D4D87FD8-8BF9-42AD-8D32-50619A2E1795}
	EndGlobalSection
EndGlobal
